// !$*UTF8*$!
{
	archiveVersion = 1;
	classes = {
	};
	objectVersion = 50;
	objects = {

/* Begin PBXBuildFile section */
		C336B39424A2AA660007FE18 /* AppDelegate.m in Sources */ = {isa = PBXBuildFile; fileRef = C336B39324A2AA660007FE18 /* AppDelegate.m */; };
		C336B39724A2AA660007FE18 /* SceneDelegate.m in Sources */ = {isa = PBXBuildFile; fileRef = C336B39624A2AA660007FE18 /* SceneDelegate.m */; };
		C336B39A24A2AA660007FE18 /* ViewController.m in Sources */ = {isa = PBXBuildFile; fileRef = C336B39924A2AA660007FE18 /* ViewController.m */; };
		C336B39D24A2AA660007FE18 /* Main.storyboard in Resources */ = {isa = PBXBuildFile; fileRef = C336B39B24A2AA660007FE18 /* Main.storyboard */; };
		C336B39F24A2AA6A0007FE18 /* Assets.xcassets in Resources */ = {isa = PBXBuildFile; fileRef = C336B39E24A2AA6A0007FE18 /* Assets.xcassets */; };
		C336B3A224A2AA6A0007FE18 /* LaunchScreen.storyboard in Resources */ = {isa = PBXBuildFile; fileRef = C336B3A024A2AA6A0007FE18 /* LaunchScreen.storyboard */; };
		C336B3A524A2AA6A0007FE18 /* main.m in Sources */ = {isa = PBXBuildFile; fileRef = C336B3A424A2AA6A0007FE18 /* main.m */; };
		C336B3AF24A2AA6A0007FE18 /* Remote_TestTests.m in Sources */ = {isa = PBXBuildFile; fileRef = C336B3AE24A2AA6A0007FE18 /* Remote_TestTests.m */; };
		C336B3BA24A2AA6A0007FE18 /* Remote_TestUITests.m in Sources */ = {isa = PBXBuildFile; fileRef = C336B3B924A2AA6A0007FE18 /* Remote_TestUITests.m */; };
/* End PBXBuildFile section */

/* Begin PBXContainerItemProxy section */
		C336B3AB24A2AA6A0007FE18 /* PBXContainerItemProxy */ = {
			isa = PBXContainerItemProxy;
			containerPortal = C336B38724A2AA660007FE18 /* Project object */;
			proxyType = 1;
			remoteGlobalIDString = C336B38E24A2AA660007FE18;
			remoteInfo = Remote_Test;
		};
		C336B3B624A2AA6A0007FE18 /* PBXContainerItemProxy */ = {
			isa = PBXContainerItemProxy;
			containerPortal = C336B38724A2AA660007FE18 /* Project object */;
			proxyType = 1;
			remoteGlobalIDString = C336B38E24A2AA660007FE18;
			remoteInfo = Remote_Test;
		};
/* End PBXContainerItemProxy section */

/* Begin PBXFileReference section */
		C336B38F24A2AA660007FE18 /* Remote_Test.app */ = {isa = PBXFileReference; explicitFileType = wrapper.application; includeInIndex = 0; path = Remote_Test.app; sourceTree = BUILT_PRODUCTS_DIR; };
		C336B39224A2AA660007FE18 /* AppDelegate.h */ = {isa = PBXFileReference; lastKnownFileType = sourcecode.c.h; path = AppDelegate.h; sourceTree = "<group>"; };
		C336B39324A2AA660007FE18 /* AppDelegate.m */ = {isa = PBXFileReference; lastKnownFileType = sourcecode.c.objc; path = AppDelegate.m; sourceTree = "<group>"; };
		C336B39524A2AA660007FE18 /* SceneDelegate.h */ = {isa = PBXFileReference; lastKnownFileType = sourcecode.c.h; path = SceneDelegate.h; sourceTree = "<group>"; };
		C336B39624A2AA660007FE18 /* SceneDelegate.m */ = {isa = PBXFileReference; lastKnownFileType = sourcecode.c.objc; path = SceneDelegate.m; sourceTree = "<group>"; };
		C336B39824A2AA660007FE18 /* ViewController.h */ = {isa = PBXFileReference; lastKnownFileType = sourcecode.c.h; path = ViewController.h; sourceTree = "<group>"; };
		C336B39924A2AA660007FE18 /* ViewController.m */ = {isa = PBXFileReference; lastKnownFileType = sourcecode.c.objc; path = ViewController.m; sourceTree = "<group>"; };
		C336B39C24A2AA660007FE18 /* Base */ = {isa = PBXFileReference; lastKnownFileType = file.storyboard; name = Base; path = Base.lproj/Main.storyboard; sourceTree = "<group>"; };
		C336B39E24A2AA6A0007FE18 /* Assets.xcassets */ = {isa = PBXFileReference; lastKnownFileType = folder.assetcatalog; path = Assets.xcassets; sourceTree = "<group>"; };
		C336B3A124A2AA6A0007FE18 /* Base */ = {isa = PBXFileReference; lastKnownFileType = file.storyboard; name = Base; path = Base.lproj/LaunchScreen.storyboard; sourceTree = "<group>"; };
		C336B3A324A2AA6A0007FE18 /* Info.plist */ = {isa = PBXFileReference; lastKnownFileType = text.plist.xml; path = Info.plist; sourceTree = "<group>"; };
		C336B3A424A2AA6A0007FE18 /* main.m */ = {isa = PBXFileReference; lastKnownFileType = sourcecode.c.objc; path = main.m; sourceTree = "<group>"; };
		C336B3AA24A2AA6A0007FE18 /* Remote_TestTests.xctest */ = {isa = PBXFileReference; explicitFileType = wrapper.cfbundle; includeInIndex = 0; path = Remote_TestTests.xctest; sourceTree = BUILT_PRODUCTS_DIR; };
		C336B3AE24A2AA6A0007FE18 /* Remote_TestTests.m */ = {isa = PBXFileReference; lastKnownFileType = sourcecode.c.objc; path = Remote_TestTests.m; sourceTree = "<group>"; };
		C336B3B024A2AA6A0007FE18 /* Info.plist */ = {isa = PBXFileReference; lastKnownFileType = text.plist.xml; path = Info.plist; sourceTree = "<group>"; };
		C336B3B524A2AA6A0007FE18 /* Remote_TestUITests.xctest */ = {isa = PBXFileReference; explicitFileType = wrapper.cfbundle; includeInIndex = 0; path = Remote_TestUITests.xctest; sourceTree = BUILT_PRODUCTS_DIR; };
		C336B3B924A2AA6A0007FE18 /* Remote_TestUITests.m */ = {isa = PBXFileReference; lastKnownFileType = sourcecode.c.objc; path = Remote_TestUITests.m; sourceTree = "<group>"; };
		C336B3BB24A2AA6A0007FE18 /* Info.plist */ = {isa = PBXFileReference; lastKnownFileType = text.plist.xml; path = Info.plist; sourceTree = "<group>"; };
/* End PBXFileReference section */

/* Begin PBXFrameworksBuildPhase section */
		C336B38C24A2AA660007FE18 /* Frameworks */ = {
			isa = PBXFrameworksBuildPhase;
			buildActionMask = 2147483647;
			files = (
			);
			runOnlyForDeploymentPostprocessing = 0;
		};
		C336B3A724A2AA6A0007FE18 /* Frameworks */ = {
			isa = PBXFrameworksBuildPhase;
			buildActionMask = 2147483647;
			files = (
			);
			runOnlyForDeploymentPostprocessing = 0;
		};
		C336B3B224A2AA6A0007FE18 /* Frameworks */ = {
			isa = PBXFrameworksBuildPhase;
			buildActionMask = 2147483647;
			files = (
			);
			runOnlyForDeploymentPostprocessing = 0;
		};
/* End PBXFrameworksBuildPhase section */

/* Begin PBXGroup section */
		C336B38624A2AA660007FE18 = {
			isa = PBXGroup;
			children = (
				C336B39124A2AA660007FE18 /* Remote_Test */,
				C336B3AD24A2AA6A0007FE18 /* Remote_TestTests */,
				C336B3B824A2AA6A0007FE18 /* Remote_TestUITests */,
				C336B39024A2AA660007FE18 /* Products */,
			);
			sourceTree = "<group>";
		};
		C336B39024A2AA660007FE18 /* Products */ = {
			isa = PBXGroup;
			children = (
				C336B38F24A2AA660007FE18 /* Remote_Test.app */,
				C336B3AA24A2AA6A0007FE18 /* Remote_TestTests.xctest */,
				C336B3B524A2AA6A0007FE18 /* Remote_TestUITests.xctest */,
			);
			name = Products;
			sourceTree = "<group>";
		};
		C336B39124A2AA660007FE18 /* Remote_Test */ = {
			isa = PBXGroup;
			children = (
				C336B39224A2AA660007FE18 /* AppDelegate.h */,
				C336B39324A2AA660007FE18 /* AppDelegate.m */,
				C336B39524A2AA660007FE18 /* SceneDelegate.h */,
				C336B39624A2AA660007FE18 /* SceneDelegate.m */,
				C336B39824A2AA660007FE18 /* ViewController.h */,
				C336B39924A2AA660007FE18 /* ViewController.m */,
				C336B39B24A2AA660007FE18 /* Main.storyboard */,
				C336B39E24A2AA6A0007FE18 /* Assets.xcassets */,
				C336B3A024A2AA6A0007FE18 /* LaunchScreen.storyboard */,
				C336B3A324A2AA6A0007FE18 /* Info.plist */,
				C336B3A424A2AA6A0007FE18 /* main.m */,
			);
			path = Remote_Test;
			sourceTree = "<group>";
		};
		C336B3AD24A2AA6A0007FE18 /* Remote_TestTests */ = {
			isa = PBXGroup;
			children = (
				C336B3AE24A2AA6A0007FE18 /* Remote_TestTests.m */,
				C336B3B024A2AA6A0007FE18 /* Info.plist */,
			);
			path = Remote_TestTests;
			sourceTree = "<group>";
		};
		C336B3B824A2AA6A0007FE18 /* Remote_TestUITests */ = {
			isa = PBXGroup;
			children = (
				C336B3B924A2AA6A0007FE18 /* Remote_TestUITests.m */,
				C336B3BB24A2AA6A0007FE18 /* Info.plist */,
			);
			path = Remote_TestUITests;
			sourceTree = "<group>";
		};
/* End PBXGroup section */

/* Begin PBXNativeTarget section */
		C336B38E24A2AA660007FE18 /* Remote_Test */ = {
			isa = PBXNativeTarget;
			buildConfigurationList = C336B3BE24A2AA6A0007FE18 /* Build configuration list for PBXNativeTarget "Remote_Test" */;
			buildPhases = (
				C336B38B24A2AA660007FE18 /* Sources */,
				C336B38C24A2AA660007FE18 /* Frameworks */,
				C336B38D24A2AA660007FE18 /* Resources */,
			);
			buildRules = (
			);
			dependencies = (
			);
			name = Remote_Test;
			productName = Remote_Test;
			productReference = C336B38F24A2AA660007FE18 /* Remote_Test.app */;
			productType = "com.apple.product-type.application";
		};
		C336B3A924A2AA6A0007FE18 /* Remote_TestTests */ = {
			isa = PBXNativeTarget;
			buildConfigurationList = C336B3C124A2AA6A0007FE18 /* Build configuration list for PBXNativeTarget "Remote_TestTests" */;
			buildPhases = (
				C336B3A624A2AA6A0007FE18 /* Sources */,
				C336B3A724A2AA6A0007FE18 /* Frameworks */,
				C336B3A824A2AA6A0007FE18 /* Resources */,
			);
			buildRules = (
			);
			dependencies = (
				C336B3AC24A2AA6A0007FE18 /* PBXTargetDependency */,
			);
			name = Remote_TestTests;
			productName = Remote_TestTests;
			productReference = C336B3AA24A2AA6A0007FE18 /* Remote_TestTests.xctest */;
			productType = "com.apple.product-type.bundle.unit-test";
		};
		C336B3B424A2AA6A0007FE18 /* Remote_TestUITests */ = {
			isa = PBXNativeTarget;
			buildConfigurationList = C336B3C424A2AA6A0007FE18 /* Build configuration list for PBXNativeTarget "Remote_TestUITests" */;
			buildPhases = (
				C336B3B124A2AA6A0007FE18 /* Sources */,
				C336B3B224A2AA6A0007FE18 /* Frameworks */,
				C336B3B324A2AA6A0007FE18 /* Resources */,
			);
			buildRules = (
			);
			dependencies = (
				C336B3B724A2AA6A0007FE18 /* PBXTargetDependency */,
			);
			name = Remote_TestUITests;
			productName = Remote_TestUITests;
			productReference = C336B3B524A2AA6A0007FE18 /* Remote_TestUITests.xctest */;
			productType = "com.apple.product-type.bundle.ui-testing";
		};
/* End PBXNativeTarget section */

/* Begin PBXProject section */
		C336B38724A2AA660007FE18 /* Project object */ = {
			isa = PBXProject;
			attributes = {
				LastUpgradeCheck = 1130;
				ORGANIZATIONNAME = "Facebook University";
				TargetAttributes = {
					C336B38E24A2AA660007FE18 = {
						CreatedOnToolsVersion = 11.3.1;
					};
					C336B3A924A2AA6A0007FE18 = {
						CreatedOnToolsVersion = 11.3.1;
						TestTargetID = C336B38E24A2AA660007FE18;
					};
					C336B3B424A2AA6A0007FE18 = {
						CreatedOnToolsVersion = 11.3.1;
						TestTargetID = C336B38E24A2AA660007FE18;
					};
				};
			};
			buildConfigurationList = C336B38A24A2AA660007FE18 /* Build configuration list for PBXProject "Remote_Test" */;
			compatibilityVersion = "Xcode 9.3";
			developmentRegion = en;
			hasScannedForEncodings = 0;
			knownRegions = (
				en,
				Base,
			);
			mainGroup = C336B38624A2AA660007FE18;
			productRefGroup = C336B39024A2AA660007FE18 /* Products */;
			projectDirPath = "";
			projectRoot = "";
			targets = (
				C336B38E24A2AA660007FE18 /* Remote_Test */,
				C336B3A924A2AA6A0007FE18 /* Remote_TestTests */,
				C336B3B424A2AA6A0007FE18 /* Remote_TestUITests */,
			);
		};
/* End PBXProject section */

/* Begin PBXResourcesBuildPhase section */
		C336B38D24A2AA660007FE18 /* Resources */ = {
			isa = PBXResourcesBuildPhase;
			buildActionMask = 2147483647;
			files = (
				C336B3A224A2AA6A0007FE18 /* LaunchScreen.storyboard in Resources */,
				C336B39F24A2AA6A0007FE18 /* Assets.xcassets in Resources */,
				C336B39D24A2AA660007FE18 /* Main.storyboard in Resources */,
			);
			runOnlyForDeploymentPostprocessing = 0;
		};
		C336B3A824A2AA6A0007FE18 /* Resources */ = {
			isa = PBXResourcesBuildPhase;
			buildActionMask = 2147483647;
			files = (
			);
			runOnlyForDeploymentPostprocessing = 0;
		};
		C336B3B324A2AA6A0007FE18 /* Resources */ = {
			isa = PBXResourcesBuildPhase;
			buildActionMask = 2147483647;
			files = (
			);
			runOnlyForDeploymentPostprocessing = 0;
		};
/* End PBXResourcesBuildPhase section */

/* Begin PBXSourcesBuildPhase section */
		C336B38B24A2AA660007FE18 /* Sources */ = {
			isa = PBXSourcesBuildPhase;
			buildActionMask = 2147483647;
			files = (
				C336B39A24A2AA660007FE18 /* ViewController.m in Sources */,
				C336B39424A2AA660007FE18 /* AppDelegate.m in Sources */,
				C336B3A524A2AA6A0007FE18 /* main.m in Sources */,
				C336B39724A2AA660007FE18 /* SceneDelegate.m in Sources */,
			);
			runOnlyForDeploymentPostprocessing = 0;
		};
		C336B3A624A2AA6A0007FE18 /* Sources */ = {
			isa = PBXSourcesBuildPhase;
			buildActionMask = 2147483647;
			files = (
				C336B3AF24A2AA6A0007FE18 /* Remote_TestTests.m in Sources */,
			);
			runOnlyForDeploymentPostprocessing = 0;
		};
		C336B3B124A2AA6A0007FE18 /* Sources */ = {
			isa = PBXSourcesBuildPhase;
			buildActionMask = 2147483647;
			files = (
				C336B3BA24A2AA6A0007FE18 /* Remote_TestUITests.m in Sources */,
			);
			runOnlyForDeploymentPostprocessing = 0;
		};
/* End PBXSourcesBuildPhase section */

/* Begin PBXTargetDependency section */
		C336B3AC24A2AA6A0007FE18 /* PBXTargetDependency */ = {
			isa = PBXTargetDependency;
			target = C336B38E24A2AA660007FE18 /* Remote_Test */;
			targetProxy = C336B3AB24A2AA6A0007FE18 /* PBXContainerItemProxy */;
		};
		C336B3B724A2AA6A0007FE18 /* PBXTargetDependency */ = {
			isa = PBXTargetDependency;
			target = C336B38E24A2AA660007FE18 /* Remote_Test */;
			targetProxy = C336B3B624A2AA6A0007FE18 /* PBXContainerItemProxy */;
		};
/* End PBXTargetDependency section */

/* Begin PBXVariantGroup section */
		C336B39B24A2AA660007FE18 /* Main.storyboard */ = {
			isa = PBXVariantGroup;
			children = (
				C336B39C24A2AA660007FE18 /* Base */,
			);
			name = Main.storyboard;
			sourceTree = "<group>";
		};
		C336B3A024A2AA6A0007FE18 /* LaunchScreen.storyboard */ = {
			isa = PBXVariantGroup;
			children = (
				C336B3A124A2AA6A0007FE18 /* Base */,
			);
			name = LaunchScreen.storyboard;
			sourceTree = "<group>";
		};
/* End PBXVariantGroup section */

/* Begin XCBuildConfiguration section */
		C336B3BC24A2AA6A0007FE18 /* Debug */ = {
			isa = XCBuildConfiguration;
			buildSettings = {
				ALWAYS_SEARCH_USER_PATHS = NO;
				CLANG_ANALYZER_NONNULL = YES;
				CLANG_ANALYZER_NUMBER_OBJECT_CONVERSION = YES_AGGRESSIVE;
				CLANG_CXX_LANGUAGE_STANDARD = "gnu++14";
				CLANG_CXX_LIBRARY = "libc++";
				CLANG_ENABLE_MODULES = YES;
				CLANG_ENABLE_OBJC_ARC = YES;
				CLANG_ENABLE_OBJC_WEAK = YES;
				CLANG_WARN_BLOCK_CAPTURE_AUTORELEASING = YES;
				CLANG_WARN_BOOL_CONVERSION = YES;
				CLANG_WARN_COMMA = YES;
				CLANG_WARN_CONSTANT_CONVERSION = YES;
				CLANG_WARN_DEPRECATED_OBJC_IMPLEMENTATIONS = YES;
				CLANG_WARN_DIRECT_OBJC_ISA_USAGE = YES_ERROR;
				CLANG_WARN_DOCUMENTATION_COMMENTS = YES;
				CLANG_WARN_EMPTY_BODY = YES;
				CLANG_WARN_ENUM_CONVERSION = YES;
				CLANG_WARN_INFINITE_RECURSION = YES;
				CLANG_WARN_INT_CONVERSION = YES;
				CLANG_WARN_NON_LITERAL_NULL_CONVERSION = YES;
				CLANG_WARN_OBJC_IMPLICIT_RETAIN_SELF = YES;
				CLANG_WARN_OBJC_LITERAL_CONVERSION = YES;
				CLANG_WARN_OBJC_ROOT_CLASS = YES_ERROR;
				CLANG_WARN_RANGE_LOOP_ANALYSIS = YES;
				CLANG_WARN_STRICT_PROTOTYPES = YES;
				CLANG_WARN_SUSPICIOUS_MOVE = YES;
				CLANG_WARN_UNGUARDED_AVAILABILITY = YES_AGGRESSIVE;
				CLANG_WARN_UNREACHABLE_CODE = YES;
				CLANG_WARN__DUPLICATE_METHOD_MATCH = YES;
				COPY_PHASE_STRIP = NO;
				DEBUG_INFORMATION_FORMAT = dwarf;
				ENABLE_STRICT_OBJC_MSGSEND = YES;
				ENABLE_TESTABILITY = YES;
				GCC_C_LANGUAGE_STANDARD = gnu11;
				GCC_DYNAMIC_NO_PIC = NO;
				GCC_NO_COMMON_BLOCKS = YES;
				GCC_OPTIMIZATION_LEVEL = 0;
				GCC_PREPROCESSOR_DEFINITIONS = (
					"DEBUG=1",
					"$(inherited)",
				);
				GCC_WARN_64_TO_32_BIT_CONVERSION = YES;
				GCC_WARN_ABOUT_RETURN_TYPE = YES_ERROR;
				GCC_WARN_UNDECLARED_SELECTOR = YES;
				GCC_WARN_UNINITIALIZED_AUTOS = YES_AGGRESSIVE;
				GCC_WARN_UNUSED_FUNCTION = YES;
				GCC_WARN_UNUSED_VARIABLE = YES;
				IPHONEOS_DEPLOYMENT_TARGET = 13.2;
				MTL_ENABLE_DEBUG_INFO = INCLUDE_SOURCE;
				MTL_FAST_MATH = YES;
				ONLY_ACTIVE_ARCH = YES;
				SDKROOT = iphoneos;
			};
			name = Debug;
		};
		C336B3BD24A2AA6A0007FE18 /* Release */ = {
			isa = XCBuildConfiguration;
			buildSettings = {
				ALWAYS_SEARCH_USER_PATHS = NO;
				CLANG_ANALYZER_NONNULL = YES;
				CLANG_ANALYZER_NUMBER_OBJECT_CONVERSION = YES_AGGRESSIVE;
				CLANG_CXX_LANGUAGE_STANDARD = "gnu++14";
				CLANG_CXX_LIBRARY = "libc++";
				CLANG_ENABLE_MODULES = YES;
				CLANG_ENABLE_OBJC_ARC = YES;
				CLANG_ENABLE_OBJC_WEAK = YES;
				CLANG_WARN_BLOCK_CAPTURE_AUTORELEASING = YES;
				CLANG_WARN_BOOL_CONVERSION = YES;
				CLANG_WARN_COMMA = YES;
				CLANG_WARN_CONSTANT_CONVERSION = YES;
				CLANG_WARN_DEPRECATED_OBJC_IMPLEMENTATIONS = YES;
				CLANG_WARN_DIRECT_OBJC_ISA_USAGE = YES_ERROR;
				CLANG_WARN_DOCUMENTATION_COMMENTS = YES;
				CLANG_WARN_EMPTY_BODY = YES;
				CLANG_WARN_ENUM_CONVERSION = YES;
				CLANG_WARN_INFINITE_RECURSION = YES;
				CLANG_WARN_INT_CONVERSION = YES;
				CLANG_WARN_NON_LITERAL_NULL_CONVERSION = YES;
				CLANG_WARN_OBJC_IMPLICIT_RETAIN_SELF = YES;
				CLANG_WARN_OBJC_LITERAL_CONVERSION = YES;
				CLANG_WARN_OBJC_ROOT_CLASS = YES_ERROR;
				CLANG_WARN_RANGE_LOOP_ANALYSIS = YES;
				CLANG_WARN_STRICT_PROTOTYPES = YES;
				CLANG_WARN_SUSPICIOUS_MOVE = YES;
				CLANG_WARN_UNGUARDED_AVAILABILITY = YES_AGGRESSIVE;
				CLANG_WARN_UNREACHABLE_CODE = YES;
				CLANG_WARN__DUPLICATE_METHOD_MATCH = YES;
				COPY_PHASE_STRIP = NO;
				DEBUG_INFORMATION_FORMAT = "dwarf-with-dsym";
				ENABLE_NS_ASSERTIONS = NO;
				ENABLE_STRICT_OBJC_MSGSEND = YES;
				GCC_C_LANGUAGE_STANDARD = gnu11;
				GCC_NO_COMMON_BLOCKS = YES;
				GCC_WARN_64_TO_32_BIT_CONVERSION = YES;
				GCC_WARN_ABOUT_RETURN_TYPE = YES_ERROR;
				GCC_WARN_UNDECLARED_SELECTOR = YES;
				GCC_WARN_UNINITIALIZED_AUTOS = YES_AGGRESSIVE;
				GCC_WARN_UNUSED_FUNCTION = YES;
				GCC_WARN_UNUSED_VARIABLE = YES;
				IPHONEOS_DEPLOYMENT_TARGET = 13.2;
				MTL_ENABLE_DEBUG_INFO = NO;
				MTL_FAST_MATH = YES;
				SDKROOT = iphoneos;
				VALIDATE_PRODUCT = YES;
			};
			name = Release;
		};
		C336B3BF24A2AA6A0007FE18 /* Debug */ = {
			isa = XCBuildConfiguration;
			buildSettings = {
				ASSETCATALOG_COMPILER_APPICON_NAME = AppIcon;
				CODE_SIGN_STYLE = Automatic;
				DEVELOPMENT_TEAM = EQMRSL5VAE;
				INFOPLIST_FILE = Remote_Test/Info.plist;
				LD_RUNPATH_SEARCH_PATHS = (
					"$(inherited)",
					"@executable_path/Frameworks",
				);
				PRODUCT_BUNDLE_IDENTIFIER = "com.FBU.Remote-Test";
				PRODUCT_NAME = "$(TARGET_NAME)";
				TARGETED_DEVICE_FAMILY = "1,2";
			};
			name = Debug;
		};
		C336B3C024A2AA6A0007FE18 /* Release */ = {
			isa = XCBuildConfiguration;
			buildSettings = {
				ASSETCATALOG_COMPILER_APPICON_NAME = AppIcon;
				CODE_SIGN_STYLE = Automatic;
				DEVELOPMENT_TEAM = EQMRSL5VAE;
				INFOPLIST_FILE = Remote_Test/Info.plist;
				LD_RUNPATH_SEARCH_PATHS = (
					"$(inherited)",
					"@executable_path/Frameworks",
				);
				PRODUCT_BUNDLE_IDENTIFIER = "com.FBU.Remote-Test";
				PRODUCT_NAME = "$(TARGET_NAME)";
				TARGETED_DEVICE_FAMILY = "1,2";
			};
			name = Release;
		};
		C336B3C224A2AA6A0007FE18 /* Debug */ = {
			isa = XCBuildConfiguration;
			buildSettings = {
				BUNDLE_LOADER = "$(TEST_HOST)";
				CODE_SIGN_STYLE = Automatic;
				DEVELOPMENT_TEAM = EQMRSL5VAE;
				INFOPLIST_FILE = Remote_TestTests/Info.plist;
				IPHONEOS_DEPLOYMENT_TARGET = 13.2;
				LD_RUNPATH_SEARCH_PATHS = (
					"$(inherited)",
					"@executable_path/Frameworks",
					"@loader_path/Frameworks",
				);
				PRODUCT_BUNDLE_IDENTIFIER = "com.FBU.Remote-TestTests";
				PRODUCT_NAME = "$(TARGET_NAME)";
				TARGETED_DEVICE_FAMILY = "1,2";
				TEST_HOST = "$(BUILT_PRODUCTS_DIR)/Remote_Test.app/Remote_Test";
			};
			name = Debug;
		};
		C336B3C324A2AA6A0007FE18 /* Release */ = {
			isa = XCBuildConfiguration;
			buildSettings = {
				BUNDLE_LOADER = "$(TEST_HOST)";
				CODE_SIGN_STYLE = Automatic;
				DEVELOPMENT_TEAM = EQMRSL5VAE;
				INFOPLIST_FILE = Remote_TestTests/Info.plist;
				IPHONEOS_DEPLOYMENT_TARGET = 13.2;
				LD_RUNPATH_SEARCH_PATHS = (
					"$(inherited)",
					"@executable_path/Frameworks",
					"@loader_path/Frameworks",
				);
				PRODUCT_BUNDLE_IDENTIFIER = "com.FBU.Remote-TestTests";
				PRODUCT_NAME = "$(TARGET_NAME)";
				TARGETED_DEVICE_FAMILY = "1,2";
				TEST_HOST = "$(BUILT_PRODUCTS_DIR)/Remote_Test.app/Remote_Test";
			};
			name = Release;
		};
		C336B3C524A2AA6A0007FE18 /* Debug */ = {
			isa = XCBuildConfiguration;
			buildSettings = {
				CODE_SIGN_STYLE = Automatic;
				DEVELOPMENT_TEAM = EQMRSL5VAE;
				INFOPLIST_FILE = Remote_TestUITests/Info.plist;
				LD_RUNPATH_SEARCH_PATHS = (
					"$(inherited)",
					"@executable_path/Frameworks",
					"@loader_path/Frameworks",
				);
				PRODUCT_BUNDLE_IDENTIFIER = "com.FBU.Remote-TestUITests";
				PRODUCT_NAME = "$(TARGET_NAME)";
				TARGETED_DEVICE_FAMILY = "1,2";
				TEST_TARGET_NAME = Remote_Test;
			};
			name = Debug;
		};
		C336B3C624A2AA6A0007FE18 /* Release */ = {
			isa = XCBuildConfiguration;
			buildSettings = {
				CODE_SIGN_STYLE = Automatic;
				DEVELOPMENT_TEAM = EQMRSL5VAE;
				INFOPLIST_FILE = Remote_TestUITests/Info.plist;
				LD_RUNPATH_SEARCH_PATHS = (
					"$(inherited)",
					"@executable_path/Frameworks",
					"@loader_path/Frameworks",
				);
				PRODUCT_BUNDLE_IDENTIFIER = "com.FBU.Remote-TestUITests";
				PRODUCT_NAME = "$(TARGET_NAME)";
				TARGETED_DEVICE_FAMILY = "1,2";
				TEST_TARGET_NAME = Remote_Test;
			};
			name = Release;
		};
/* End XCBuildConfiguration section */

/* Begin XCConfigurationList section */
		C336B38A24A2AA660007FE18 /* Build configuration list for PBXProject "Remote_Test" */ = {
			isa = XCConfigurationList;
			buildConfigurations = (
				C336B3BC24A2AA6A0007FE18 /* Debug */,
				C336B3BD24A2AA6A0007FE18 /* Release */,
			);
			defaultConfigurationIsVisible = 0;
			defaultConfigurationName = Release;
		};
		C336B3BE24A2AA6A0007FE18 /* Build configuration list for PBXNativeTarget "Remote_Test" */ = {
			isa = XCConfigurationList;
			buildConfigurations = (
				C336B3BF24A2AA6A0007FE18 /* Debug */,
				C336B3C024A2AA6A0007FE18 /* Release */,
			);
			defaultConfigurationIsVisible = 0;
			defaultConfigurationName = Release;
		};
		C336B3C124A2AA6A0007FE18 /* Build configuration list for PBXNativeTarget "Remote_TestTests" */ = {
			isa = XCConfigurationList;
			buildConfigurations = (
				C336B3C224A2AA6A0007FE18 /* Debug */,
				C336B3C324A2AA6A0007FE18 /* Release */,
			);
			defaultConfigurationIsVisible = 0;
			defaultConfigurationName = Release;
		};
		C336B3C424A2AA6A0007FE18 /* Build configuration list for PBXNativeTarget "Remote_TestUITests" */ = {
			isa = XCConfigurationList;
			buildConfigurations = (
				C336B3C524A2AA6A0007FE18 /* Debug */,
				C336B3C624A2AA6A0007FE18 /* Release */,
			);
			defaultConfigurationIsVisible = 0;
			defaultConfigurationName = Release;
		};
/* End XCConfigurationList section */
	};
	rootObject = C336B38724A2AA660007FE18 /* Project object */;
}
